lockfileVersion: '9.0'

settings:
  autoInstallPeers: true
  excludeLinksFromLockfile: false

importers:
  .:
    devDependencies:
      '@bufbuild/protobuf':
        specifier: ^1.8.0
        version: 1.8.0
      '@bufbuild/protoc-gen-es':
        specifier: ^1.10.0
        version: 1.10.0(@bufbuild/protobuf@1.8.0)
      prettier:
        specifier: ^2.8.7
        version: 2.8.8

  docs/plugins:
    devDependencies:
      ajv-cli:
        specifier: '*'
        version: 5.0.0
      json-schema-to-typescript:
        specifier: '*'
        version: 11.0.2

packages:
  '@bcherny/json-schema-ref-parser@9.0.9':
    resolution:
      {
        integrity: sha512-vmEmnJCfpkLdas++9OYg6riIezTYqTHpqUTODJzHLzs5UnXujbOJW9VwcVCnyo1mVRt32FRr23iXBx/sX8YbeQ==,
      }

  '@bufbuild/protobuf@1.10.0':
    resolution:
      {
        integrity: sha512-QDdVFLoN93Zjg36NoQPZfsVH9tZew7wKDKyV5qRdj8ntT4wQCOradQjRaTdwMhWUYsgKsvCINKKm87FdEk96Ag==,
      }

  '@bufbuild/protobuf@1.8.0':
    resolution:
      {
        integrity: sha512-qR9FwI8QKIveDnUYutvfzbC21UZJJryYrLuZGjeZ/VGz+vXelUkK+xgkOHsvPEdYEdxtgUUq4313N8QtOehJ1Q==,
      }

  '@bufbuild/protoc-gen-es@1.10.0':
    resolution:
      {
        integrity: sha512-zBYBsVT/ul4uZb6F+kD7/k4sWNHVVbEPfJwKi0FDr+9VJo8MKIofI6pkr5ksBLr4fi/74r+e/75Xi/0clL5dXg==,
      }
    engines: { node: '>=14' }
    hasBin: true
    peerDependencies:
      '@bufbuild/protobuf': 1.10.0
    peerDependenciesMeta:
      '@bufbuild/protobuf':
        optional: true

  '@bufbuild/protoplugin@1.10.0':
    resolution:
      {
        integrity: sha512-u6NE4vL0lw1+EK4/PiE/SQB7fKO4LRJNTEScIXVOi2x88K/c8WKc/k0KyEaA0asVBMpwekJQZGnRyj04ZtN5Gg==,
      }

  '@jsdevtools/ono@7.1.3':
    resolution:
      {
        integrity: sha512-4JQNk+3mVzK3xh2rqd6RB4J46qUR19azEHBneZyTZM+c456qOrbbM/5xcR8huNCCcbVt7+UmizG6GuUvPvKUYg==,
      }

  '@types/glob@7.2.0':
    resolution:
      {
        integrity: sha512-ZUxbzKl0IfJILTS6t7ip5fQQM/J3TJYubDm3nMbgubNNYS62eXeUpoLUC8/7fJNiFYHTrGPQn7hspDUzIHX3UA==,
      }

  '@types/json-schema@7.0.11':
    resolution:
      {
        integrity: sha512-wOuvG1SN4Us4rez+tylwwwCV1psiNVOkJeM3AUWUNWg/jDQY2+HE/444y5gc+jBmRqASOm2Oeh5c1axHobwRKQ==,
      }

  '@types/lodash@4.14.190':
    resolution:
      {
        integrity: sha512-5iJ3FBJBvQHQ8sFhEhJfjUP+G+LalhavTkYyrAYqz5MEJG+erSv0k9KJLb6q7++17Lafk1scaTIFXcMJlwK8Mw==,
      }

  '@types/minimatch@5.1.2':
    resolution:
      {
        integrity: sha512-K0VQKziLUWkVKiRVrx4a40iPaxTUefQmjtkQofBkYRcoaaL/8rhwDWww9qWbrgicNOgnpIsMxyNIUM4+n6dUIA==,
      }

  '@types/node@18.11.9':
    resolution:
      {
        integrity: sha512-CRpX21/kGdzjOpFsZSkcrXMGIBWMGNIHXXBVFSH+ggkftxg+XYP20TESbh+zFvFj3EQOl5byk0HTRn1IL6hbqg==,
      }

  '@types/prettier@2.7.1':
    resolution:
      {
        integrity: sha512-ri0UmynRRvZiiUJdiz38MmIblKK+oH30MztdBVR95dv/Ubw6neWSb8u1XpRb72L4qsZOhz+L+z9JD40SJmfWow==,
      }

  '@typescript/vfs@1.6.0':
    resolution:
      {
        integrity: sha512-hvJUjNVeBMp77qPINuUvYXj4FyWeeMMKZkxEATEU3hqBAQ7qdTBCUFT7Sp0Zu0faeEtFf+ldXxMEDr/bk73ISg==,
      }
    peerDependencies:
      typescript: '*'

  ajv-cli@5.0.0:
    resolution:
      {
        integrity: sha512-LY4m6dUv44HTyhV+u2z5uX4EhPYTM38Iv1jdgDJJJCyOOuqB8KtZEGjPZ2T+sh5ZIJrXUfgErYx/j3gLd3+PlQ==,
      }
    hasBin: true
    peerDependencies:
      ts-node: '>=9.0.0'
    peerDependenciesMeta:
      ts-node:
        optional: true

  ajv@8.11.2:
    resolution:
      {
        integrity: sha512-E4bfmKAhGiSTvMfL1Myyycaub+cUEU2/IvpylXkUu7CHBkBj1f/ikdzbD7YQ6FKUbixDxeYvB/xY4fvyroDlQg==,
      }

  any-promise@1.3.0:
    resolution:
      {
        integrity: sha512-7UvmKalWRt1wgjL1RrGxoSJW/0QZFIegpeGvZG9kjp8vrRu55XTHbwnqq2GpXm9uLbcuhxm3IqX9OB4MZR1b2A==,
      }

  argparse@1.0.10:
    resolution:
      {
        integrity: sha512-o5Roy6tNG4SL/FOkCAN6RzjiakZS25RLYFrcMttJqbdd8BWrnA+fGz57iN5Pb06pvBGvl5gQ0B48dJlslXvoTg==,
      }

  argparse@2.0.1:
    resolution:
      {
        integrity: sha512-8+9WqebbFzpX9OR+Wa6O29asIogeRMzcGtAINdpMHHyAg10f05aSFVBbcEqGf/PXw1EjAZ+q2/bEBg3DvurK3Q==,
      }

  balanced-match@1.0.2:
    resolution:
      {
        integrity: sha512-3oSeUO0TMV67hN1AmbXsK4yaqU7tjiHlbxRDZOpH0KW9+CeX4bRAaX0Anxt0tx2MrpRpWwQaPwIlISEJhYU5Pw==,
      }

  brace-expansion@1.1.11:
    resolution:
      {
        integrity: sha512-iCuPHDFgrHX7H2vEI/5xpz07zSHB00TpugqhmYtVmMO6518mCuRMoOYFldEBl0g187ufozdaHgWKcYFb61qGiA==,
      }

  call-me-maybe@1.0.2:
    resolution:
      {
        integrity: sha512-HpX65o1Hnr9HH25ojC1YGs7HCQLq0GCOibSaWER0eNpgJ/Z1MZv2mTc7+xh6WOPxbRVcmgbv4hGU+uSQ/2xFZQ==,
      }

  cli-color@2.0.3:
    resolution:
      {
        integrity: sha512-OkoZnxyC4ERN3zLzZaY9Emb7f/MhBOIpePv0Ycok0fJYT+Ouo00UBEIwsVsr0yoow++n5YWlSUgST9GKhNHiRQ==,
      }
    engines: { node: '>=0.10' }

  concat-map@0.0.1:
    resolution:
      {
        integrity: sha512-/Srv4dswyQNBfohGpz9o6Yb3Gz3SrUDqBH5rTuhGR7ahtlbYKnVxw2bCFMRljaA7EXHaXZ8wsHdodFvbkhKmqg==,
      }

  d@1.0.1:
    resolution:
      {
        integrity: sha512-m62ShEObQ39CfralilEQRjH6oAMtNCV1xJyEx5LpRYUVN+EviphDgUc/F3hnYbADmkiNs67Y+3ylmlG7Lnu+FA==,
      }

  debug@4.3.5:
    resolution:
      {
        integrity: sha512-pt0bNEmneDIvdL1Xsd9oDQ/wrQRkXDT4AUWlNZNPKvW5x/jyO9VFXkJUP07vQ2upmw5PlaITaPKc31jK13V+jg==,
      }
    engines: { node: '>=6.0' }
    peerDependencies:
      supports-color: '*'
    peerDependenciesMeta:
      supports-color:
        optional: true

  es5-ext@0.10.62:
    resolution:
      {
        integrity: sha512-BHLqn0klhEpnOKSrzn/Xsz2UIW8j+cGmo9JLzr8BiUapV8hPL9+FliFqjwr9ngW7jWdnxv6eO+/LqyhJVqgrjA==,
      }
    engines: { node: '>=0.10' }

  es6-iterator@2.0.3:
    resolution:
      {
        integrity: sha512-zw4SRzoUkd+cl+ZoE15A9o1oQd920Bb0iOJMQkQhl3jNc03YqVjAhG7scf9C5KWRU/R13Orf588uCC6525o02g==,
      }

  es6-symbol@3.1.3:
    resolution:
      {
        integrity: sha512-NJ6Yn3FuDinBaBRWl/q5X/s4koRHBrgKAu+yGI6JCBeiu3qrcbJhwT2GeR/EXVfylRk8dpQVJoLEFhK+Mu31NA==,
      }

  es6-weak-map@2.0.3:
    resolution:
      {
        integrity: sha512-p5um32HOTO1kP+w7PRnB+5lQ43Z6muuMuIMffvDN8ZB4GcnjLBV6zGStpbASIMk4DCAvEaamhe2zhyCb/QXXsA==,
      }

  esprima@4.0.1:
    resolution:
      {
        integrity: sha512-eGuFFw7Upda+g4p+QHvnW0RyTX/SVeJBDM/gCtMARO0cLuT2HcEKnTPvhjV6aGeqrCB/sbNop0Kszm0jsaWU4A==,
      }
    engines: { node: '>=4' }
    hasBin: true

  event-emitter@0.3.5:
    resolution:
      {
        integrity: sha512-D9rRn9y7kLPnJ+hMq7S/nhvoKwwvVJahBi2BPmx3bvbsEdK3W9ii8cBSGjP+72/LnM4n6fo3+dkCX5FeTQruXA==,
      }

  ext@1.7.0:
    resolution:
      {
        integrity: sha512-6hxeJYaL110a9b5TEJSj0gojyHQAmA2ch5Os+ySCiA1QGdS697XWY1pzsrSjqA9LDEEgdB/KypIlR59RcLuHYw==,
      }

  fast-deep-equal@2.0.1:
    resolution:
      {
        integrity: sha512-bCK/2Z4zLidyB4ReuIsvALH6w31YfAQDmXMqMx6FyfHqvBxtjC0eRumeSu4Bs3XtXwpyIywtSTrVT99BxY1f9w==,
      }

  fast-deep-equal@3.1.3:
    resolution:
      {
        integrity: sha512-f3qQ9oQy9j2AhBe/H9VC91wLmKBCCU/gDOnKNAYG5hswO7BLKj09Hc5HYNz9cGI++xlpDCIgDaitVs03ATR84Q==,
      }

  fast-json-patch@2.2.1:
    resolution:
      {
        integrity: sha512-4j5uBaTnsYAV5ebkidvxiLUYOwjQ+JSFljeqfTxCrH9bDmlCQaOJFS84oDJ2rAXZq2yskmk3ORfoP9DCwqFNig==,
      }
    engines: { node: '>= 0.4.0' }

  fs.realpath@1.0.0:
    resolution:
      {
        integrity: sha512-OO0pH2lK6a0hZnAdau5ItzHPI6pUlvI7jMVnxUQRtw4owF2wk8lOSabtGDCTP4Ggrg2MbGnWO9X8K1t4+fGMDw==,
      }

  get-stdin@8.0.0:
    resolution:
      {
        integrity: sha512-sY22aA6xchAzprjyqmSEQv4UbAAzRN0L2dQB0NlN5acTTK9Don6nhoc3eAbUnpZiCANAMfd/+40kVdKfFygohg==,
      }
    engines: { node: '>=10' }

  glob-promise@4.2.2:
    resolution:
      {
        integrity: sha512-xcUzJ8NWN5bktoTIX7eOclO1Npxd/dyVqUJxlLIDasT4C7KZyqlPIwkdJ0Ypiy3p2ZKahTjK4M9uC3sNSfNMzw==,
      }
    engines: { node: '>=12' }
    peerDependencies:
      glob: ^7.1.6

  glob@7.2.3:
    resolution:
      {
        integrity: sha512-nFR0zLpU2YCaRxwoCJvL6UvCH2JFyFVIvwTLsIf21AuHlMskA1hhTdk+LlYJtOlYt9v6dvszD2BGRqBL+iQK9Q==,
      }
    deprecated: Glob versions prior to v9 are no longer supported

  inflight@1.0.6:
    resolution:
      {
        integrity: sha512-k92I/b08q4wvFscXCLvqfsHCrjrF7yiXsQuIVvVE7N82W3+aqpzuUdBbfhWcy/FZR3/4IgflMgKLOsvPDrGCJA==,
      }
    deprecated: This module is not supported, and leaks memory. Do not use it. Check out lru-cache if you want a good and tested way to coalesce async requests by a key value, which is much more comprehensive and powerful.

  inherits@2.0.4:
    resolution:
      {
        integrity: sha512-k/vGaX4/Yla3WzyMCvTQOXYeIHvqOKtnqBduzTHpzpQZzAskKMhZ2K+EnBiSM9zGSoIFeMpXKxa4dYeZIQqewQ==,
      }

  is-extglob@2.1.1:
    resolution:
      {
        integrity: sha512-SbKbANkN603Vi4jEZv49LeVJMn4yGwsbzZworEoyEiutsN3nJYdbO36zfhGJ6QEDpOZIFkDtnq5JRxmvl3jsoQ==,
      }
    engines: { node: '>=0.10.0' }

  is-glob@4.0.3:
    resolution:
      {
        integrity: sha512-xelSayHH36ZgE7ZWhli7pW34hNbNl8Ojv5KVmkJD4hBdD3th8Tfk9vYasLM+mXWOZhFkgZfxhLSnrwRr4elSSg==,
      }
    engines: { node: '>=0.10.0' }

  is-promise@2.2.2:
    resolution:
      {
        integrity: sha512-+lP4/6lKUBfQjZ2pdxThZvLUAafmZb8OAxFb8XXtiQmS35INgr85hdOGoEs124ez1FCnZJt6jau/T+alh58QFQ==,
      }

  js-yaml@3.14.1:
    resolution:
      {
        integrity: sha512-okMH7OXXJ7YrN9Ok3/SXrnu4iX9yOk+25nqX4imS2npuvTYDmo/QEZoqwZkYaIDk3jVvBOTOIEgEhaLOynBS9g==,
      }
    hasBin: true

  js-yaml@4.1.0:
    resolution:
      {
        integrity: sha512-wpxZs9NoxZaJESJGIZTyDEaYpl0FKSA+FB9aJiyemKhMwkxQg63h4T1KJgUGHpTqPDNRcmmYLugrRjJlBtWvRA==,
      }
    hasBin: true

  json-schema-migrate@2.0.0:
    resolution:
      {
        integrity: sha512-r38SVTtojDRp4eD6WsCqiE0eNDt4v1WalBXb9cyZYw9ai5cGtBwzRNWjHzJl38w6TxFkXAIA7h+fyX3tnrAFhQ==,
      }

  json-schema-to-typescript@11.0.2:
    resolution:
      {
        integrity: sha512-XRyeXBJeo/IH4eTP5D1ptX78vCvH86nMDt2k3AxO28C3uYWEDmy4mgPyMpb8bLJ/pJMElOGuQbnKR5Y6NSh3QQ==,
      }
    engines: { node: '>=12.0.0' }
    hasBin: true

  json-schema-traverse@1.0.0:
    resolution:
      {
        integrity: sha512-NM8/P9n3XjXhIZn1lLhkFaACTOURQXjWhV4BA/RnOv8xvgqtqpAX9IO4mRQxSx1Rlo4tqzeqb0sOlruaOy3dug==,
      }

  json5@2.2.1:
    resolution:
      {
        integrity: sha512-1hqLFMSrGHRHxav9q9gNjJ5EXznIxGVO09xQRrwplcS8qs28pZ8s8hupZAmqDwZUmVZ2Qb2jnyPOWcDH8m8dlA==,
      }
    engines: { node: '>=6' }
    hasBin: true

  lodash@4.17.21:
    resolution:
      {
        integrity: sha512-v2kDEe57lecTulaDIuNTPy3Ry4gLGJ6Z1O3vE1krgXZNrsQ+LFTGHVxVjcXPs17LhbZVGedAJv8XZ1tvj5FvSg==,
      }

  lru-queue@0.1.0:
    resolution:
      {
        integrity: sha512-BpdYkt9EvGl8OfWHDQPISVpcl5xZthb+XPsbELj5AQXxIC8IriDZIQYjBJPEm5rS420sjZ0TLEzRcq5KdBhYrQ==,
      }

  memoizee@0.4.15:
    resolution:
      {
        integrity: sha512-UBWmJpLZd5STPm7PMUlOw/TSy972M+z8gcyQ5veOnSDRREz/0bmpyTfKt3/51DhEBqCZQn1udM/5flcSPYhkdQ==,
      }

  minimatch@3.1.2:
    resolution:
      {
        integrity: sha512-J7p63hRiAjw1NDEww1W7i37+ByIrOWO5XQQAzZ3VOcL0PNybwpfmV/N05zFAzwQ9USyEcX6t3UO+K5aqBQOIHw==,
      }

  minimist@1.2.7:
    resolution:
      {
        integrity: sha512-bzfL1YUZsP41gmu/qjrEk0Q6i2ix/cVeAhbCbqH9u3zYutS1cLg00qhrD0M2MVdCcx4Sc0UpP2eBWo9rotpq6g==,
      }

  mkdirp@1.0.4:
    resolution:
      {
        integrity: sha512-vVqVZQyf3WLx2Shd0qJ9xuvqgAyKPLAiqITEtqW0oIUjzo3PePDd6fW9iFz30ef7Ysp/oiWqbhszeGWW2T6Gzw==,
      }
    engines: { node: '>=10' }
    hasBin: true

  ms@2.1.2:
    resolution:
      {
        integrity: sha512-sGkPx+VjMtmA6MX27oA4FBFELFCZZ4S4XqeGOXCv68tT+jb3vk/RyaKWP0PTKyWtmLSM0b+adUTEvbs1PEaH2w==,
      }

  mz@2.7.0:
    resolution:
      {
        integrity: sha512-z81GNO7nnYMEhrGh9LeymoE4+Yr0Wn5McHIZMK5cfQCl+NDX08sCZgUc9/6MHni9IWuFLm1Z3HTCXu2z9fN62Q==,
      }

  next-tick@1.1.0:
    resolution:
      {
        integrity: sha512-CXdUiJembsNjuToQvxayPZF9Vqht7hewsvy2sOWafLvi2awflj9mOC6bHIg50orX8IJvWKY9wYQ/zB2kogPslQ==,
      }

  object-assign@4.1.1:
    resolution:
      {
        integrity: sha512-rJgTQnkUnH1sFw8yT6VSU3zD3sWmu6sZhIseY8VX+GRu3P6F7Fu+JNDoXfklElbLJSnc3FUQHVe4cU5hj+BcUg==,
      }
    engines: { node: '>=0.10.0' }

  once@1.4.0:
    resolution:
      {
        integrity: sha512-lNaJgI+2Q5URQBkccEKHTQOPaXdUxnZZElQTZY0MFUAuaEqe1E+Nyvgdz/aIyNi6Z9MzO5dv1H8n58/GELp3+w==,
      }

  path-is-absolute@1.0.1:
    resolution:
      {
        integrity: sha512-AVbw3UJ2e9bq64vSaS9Am0fje1Pa8pbGqTTsmXfaIiMpnr5DlDhfJOuLj9Sf95ZPVDAUerDfEk88MPmPe7UCQg==,
      }
    engines: { node: '>=0.10.0' }

  prettier@2.8.8:
    resolution:
      {
        integrity: sha512-tdN8qQGvNjw4CHbY+XXk0JgCXn9QiF21a55rBe5LJAU+kDyC4WQn4+awm2Xfk2lQMk5fKup9XgzTZtGkjBdP9Q==,
      }
    engines: { node: '>=10.13.0' }
    hasBin: true

  punycode@2.1.1:
    resolution:
      {
        integrity: sha512-XRsRjdf+j5ml+y/6GKHPZbrF/8p2Yga0JPtdqTIY2Xe5ohJPD9saDJJLPvp9+NSBprVvevdXZybnj2cv8OEd0A==,
      }
    engines: { node: '>=6' }

  require-from-string@2.0.2:
    resolution:
      {
        integrity: sha512-Xf0nWe6RseziFMu+Ap9biiUbmplq6S9/p+7w7YXP/JBHhrUDDUhwa+vANyubuqfZWTveU//DYVGsDG7RKL/vEw==,
      }
    engines: { node: '>=0.10.0' }

  sprintf-js@1.0.3:
    resolution:
      {
        integrity: sha512-D9cPgkvLlV3t3IzL0D0YLvGA9Ahk4PcvVwUbN0dSGr1aP0Nrt4AEnTUbuGvquEC0mA64Gqt1fzirlRs5ibXx8g==,
      }

  thenify-all@1.6.0:
    resolution:
      {
        integrity: sha512-RNxQH/qI8/t3thXJDwcstUO4zeqo64+Uy/+sNVRBx4Xn2OX+OZ9oP+iJnNFqplFra2ZUVeKCSa2oVWi3T4uVmA==,
      }
    engines: { node: '>=0.8' }

  thenify@3.3.1:
    resolution:
      {
        integrity: sha512-RVZSIV5IG10Hk3enotrhvz0T9em6cyHBLkH/YAZuKqd8hRkKhSfCGIcP2KUY0EPxndzANBmNllzWPwak+bheSw==,
      }

  timers-ext@0.1.7:
    resolution:
      {
        integrity: sha512-b85NUNzTSdodShTIbky6ZF02e8STtVVfD+fu4aXXShEELpozH+bCpJLYMPZbsABN2wDH7fJpqIoXxJpzbf0NqQ==,
      }

  type@1.2.0:
    resolution:
      {
        integrity: sha512-+5nt5AAniqsCnu2cEQQdpzCAh33kVx8n0VoFidKpB1dVVLAN/F+bgVOqOJqOnEnrhp222clB5p3vUlD+1QAnfg==,
      }

  type@2.7.2:
    resolution:
      {
        integrity: sha512-dzlvlNlt6AXU7EBSfpAscydQ7gXB+pPGsPnfJnZpiNJBDj7IaJzQlBZYGdEi4R9HmPdBv2XmWJ6YUtoTa7lmCw==,
      }

  typescript@4.5.2:
    resolution:
      {
        integrity: sha512-5BlMof9H1yGt0P8/WF+wPNw6GfctgGjXp5hkblpyT+8rkASSmkUKMXrxR0Xg8ThVCi/JnHQiKXeBaEwCeQwMFw==,
      }
    engines: { node: '>=4.2.0' }
    hasBin: true

  uri-js@4.4.1:
    resolution:
      {
        integrity: sha512-7rKUyy33Q1yc98pQ1DAmLtwX109F7TIfWlW1Ydo8Wl1ii1SeHieeh0HHfPeL2fMXK6z0s8ecKs9frCuLJvndBg==,
      }

  wrappy@1.0.2:
    resolution:
      {
        integrity: sha512-l4Sp/DRseor9wL6EvV2+TuQn63dMkPjZ/sp9XkghTEbV9KlPS1xUsZ3u7/IQO4wxtcFB4bgpQPRcR3QCvezPcQ==,
      }

snapshots:
  '@bcherny/json-schema-ref-parser@9.0.9':
    dependencies:
      '@jsdevtools/ono': 7.1.3
      '@types/json-schema': 7.0.11
      call-me-maybe: 1.0.2
      js-yaml: 4.1.0

  '@bufbuild/protobuf@1.10.0': {}

  '@bufbuild/protobuf@1.8.0': {}

  '@bufbuild/protoc-gen-es@1.10.0(@bufbuild/protobuf@1.8.0)':
    dependencies:
      '@bufbuild/protoplugin': 1.10.0
    optionalDependencies:
      '@bufbuild/protobuf': 1.8.0
    transitivePeerDependencies:
      - supports-color

  '@bufbuild/protoplugin@1.10.0':
    dependencies:
      '@bufbuild/protobuf': 1.10.0
      '@typescript/vfs': 1.6.0(typescript@4.5.2)
      typescript: 4.5.2
    transitivePeerDependencies:
      - supports-color

  '@jsdevtools/ono@7.1.3': {}

  '@types/glob@7.2.0':
    dependencies:
      '@types/minimatch': 5.1.2
      '@types/node': 18.11.9

  '@types/json-schema@7.0.11': {}

  '@types/lodash@4.14.190': {}

  '@types/minimatch@5.1.2': {}

  '@types/node@18.11.9': {}

  '@types/prettier@2.7.1': {}

  '@typescript/vfs@1.6.0(typescript@4.5.2)':
    dependencies:
      debug: 4.3.5
      typescript: 4.5.2
    transitivePeerDependencies:
      - supports-color

  ajv-cli@5.0.0:
    dependencies:
      ajv: 8.11.2
      fast-json-patch: 2.2.1
      glob: 7.2.3
      js-yaml: 3.14.1
      json-schema-migrate: 2.0.0
      json5: 2.2.1
      minimist: 1.2.7

  ajv@8.11.2:
    dependencies:
      fast-deep-equal: 3.1.3
      json-schema-traverse: 1.0.0
      require-from-string: 2.0.2
      uri-js: 4.4.1

  any-promise@1.3.0: {}

  argparse@1.0.10:
    dependencies:
      sprintf-js: 1.0.3

  argparse@2.0.1: {}

  balanced-match@1.0.2: {}

  brace-expansion@1.1.11:
    dependencies:
      balanced-match: 1.0.2
      concat-map: 0.0.1

  call-me-maybe@1.0.2: {}

  cli-color@2.0.3:
    dependencies:
      d: 1.0.1
      es5-ext: 0.10.62
      es6-iterator: 2.0.3
      memoizee: 0.4.15
      timers-ext: 0.1.7

  concat-map@0.0.1: {}

  d@1.0.1:
    dependencies:
      es5-ext: 0.10.62
      type: 1.2.0

  debug@4.3.5:
    dependencies:
      ms: 2.1.2

  es5-ext@0.10.62:
    dependencies:
      es6-iterator: 2.0.3
      es6-symbol: 3.1.3
      next-tick: 1.1.0

  es6-iterator@2.0.3:
    dependencies:
      d: 1.0.1
      es5-ext: 0.10.62
      es6-symbol: 3.1.3

  es6-symbol@3.1.3:
    dependencies:
      d: 1.0.1
      ext: 1.7.0

  es6-weak-map@2.0.3:
    dependencies:
      d: 1.0.1
      es5-ext: 0.10.62
      es6-iterator: 2.0.3
      es6-symbol: 3.1.3

  esprima@4.0.1: {}

  event-emitter@0.3.5:
    dependencies:
      d: 1.0.1
      es5-ext: 0.10.62

  ext@1.7.0:
    dependencies:
      type: 2.7.2

  fast-deep-equal@2.0.1: {}

  fast-deep-equal@3.1.3: {}

  fast-json-patch@2.2.1:
    dependencies:
      fast-deep-equal: 2.0.1

  fs.realpath@1.0.0: {}

  get-stdin@8.0.0: {}

  glob-promise@4.2.2(glob@7.2.3):
    dependencies:
      '@types/glob': 7.2.0
      glob: 7.2.3

  glob@7.2.3:
    dependencies:
      fs.realpath: 1.0.0
      inflight: 1.0.6
      inherits: 2.0.4
      minimatch: 3.1.2
      once: 1.4.0
      path-is-absolute: 1.0.1

  inflight@1.0.6:
    dependencies:
      once: 1.4.0
      wrappy: 1.0.2

  inherits@2.0.4: {}

  is-extglob@2.1.1: {}

  is-glob@4.0.3:
    dependencies:
      is-extglob: 2.1.1

  is-promise@2.2.2: {}

  js-yaml@3.14.1:
    dependencies:
      argparse: 1.0.10
      esprima: 4.0.1

  js-yaml@4.1.0:
    dependencies:
      argparse: 2.0.1

  json-schema-migrate@2.0.0:
    dependencies:
      ajv: 8.11.2

  json-schema-to-typescript@11.0.2:
    dependencies:
      '@bcherny/json-schema-ref-parser': 9.0.9
      '@types/json-schema': 7.0.11
      '@types/lodash': 4.14.190
      '@types/prettier': 2.7.1
      cli-color: 2.0.3
      get-stdin: 8.0.0
      glob: 7.2.3
      glob-promise: 4.2.2(glob@7.2.3)
      is-glob: 4.0.3
      lodash: 4.17.21
      minimist: 1.2.7
      mkdirp: 1.0.4
      mz: 2.7.0
      prettier: 2.8.8

  json-schema-traverse@1.0.0: {}

  json5@2.2.1: {}

  lodash@4.17.21: {}

  lru-queue@0.1.0:
    dependencies:
      es5-ext: 0.10.62

  memoizee@0.4.15:
    dependencies:
      d: 1.0.1
      es5-ext: 0.10.62
      es6-weak-map: 2.0.3
      event-emitter: 0.3.5
      is-promise: 2.2.2
      lru-queue: 0.1.0
      next-tick: 1.1.0
      timers-ext: 0.1.7

  minimatch@3.1.2:
    dependencies:
      brace-expansion: 1.1.11

  minimist@1.2.7: {}

  mkdirp@1.0.4: {}

  ms@2.1.2: {}

  mz@2.7.0:
    dependencies:
      any-promise: 1.3.0
      object-assign: 4.1.1
      thenify-all: 1.6.0

  next-tick@1.1.0: {}

  object-assign@4.1.1: {}

  once@1.4.0:
    dependencies:
      wrappy: 1.0.2

  path-is-absolute@1.0.1: {}

  prettier@2.8.8: {}

  punycode@2.1.1: {}

  require-from-string@2.0.2: {}

  sprintf-js@1.0.3: {}

  thenify-all@1.6.0:
    dependencies:
      thenify: 3.3.1

  thenify@3.3.1:
    dependencies:
      any-promise: 1.3.0

  timers-ext@0.1.7:
    dependencies:
      es5-ext: 0.10.62
      next-tick: 1.1.0

  type@1.2.0: {}

  type@2.7.2: {}

  typescript@4.5.2: {}

  uri-js@4.4.1:
    dependencies:
      punycode: 2.1.1

  wrappy@1.0.2: {}
