lockfileVersion: '6.0'

settings:
  autoInstallPeers: true
  excludeLinksFromLockfile: false

importers:

  .: {}

  ../extends:
    dependencies:
      '@tsconfig-test/tools':
        specifier: workspace:*
        version: link:../tools

  ../extends2:
    dependencies:
      '@tsconfig-test/tools':
        specifier: workspace:*
        version: link:../tools

  ../tools: {}
