lockfileVersion: 5.4

specifiers:
  '@aspect-test/c': ^2.0.2

dependencies:
  '@aspect-test/c': 2.0.2

packages:

  /@aspect-test/c/2.0.2:
    resolution: {integrity: sha512-rMJmd3YBvY7y0jh+2m72TiAhe6dVKjMMNFFVOXFCbM233m7lsG4cq970H1C8rUsc3AcA5E/cEHlxSVffHlHD2Q==}
    hasBin: true
    requiresBuild: true
    dev: false
