lockfileVersion: 5.4

specifiers:
  '@types/jquery': 3.5.14
  '@types/testing-library__jest-dom': ^5.14.5
  jquery: 3.6.1

dependencies:
  '@types/jquery': 3.5.14
  '@types/testing-library__jest-dom': 5.14.5
  jquery: 3.6.1

packages:
  /@types/jest/29.2.5:
    resolution: {integrity: sha512-H2cSxkKgVmqNHXP7TC2L/WUorrZu8ZigyRywfVzv6EyBlxj39n4C00hjXYQWsbwqgElaj/CiAeSRmk5GoaKTgw==}
    dependencies:
      expect: 29.3.1
      pretty-format: 29.3.1
    dev: false

  /@types/testing-library__jest-dom/5.14.5:
    resolution: {integrity: sha512-SBwbxYoyPIvxHbeHxTZX2Pe/74F/tX2/D3mMvzabdeJ25bBojfW0TyB8BHrbq/9zaaKICJZjLP+8r6AeZMFCuQ==}
    dependencies:
      '@types/jest': 29.2.5
    dev: false

  /jquery/3.6.1:
    resolution: {integrity: sha512-opJeO4nCucVnsjiXOE+/PcCgYw9Gwpvs/a6B1LL/lQhwWwpbVEVYDZ1FokFr8PRc7ghYlrFPuyHuiiDNTQxmcw==}
    dev: false
